
Microsoft Visual Studio Solution File, Format Version 12.00
# Visual Studio Version 17
VisualStudioVersion = 17.6.33723.286
MinimumVisualStudioVersion = 10.0.40219.1
Project("{9A19103F-16F7-4668-BE54-9A1E7A4F7556}") = "DonorService", "DonorService\DonorService.csproj", "{6E480B6E-E967-4577-AF6B-C2EC0F5305DC}"
EndProject
Project("{9A19103F-16F7-4668-BE54-9A1E7A4F7556}") = "test client", "test client\test client.csproj", "{0D6A947C-3B92-416B-B461-8947ACC481EB}"
EndProject
Project("{9A19103F-16F7-4668-BE54-9A1E7A4F7556}") = "ReceiverService", "ReceiverService\ReceiverService.csproj", "{3A737D4B-D6F7-48BE-A23F-EC3E914159BB}"
EndProject
Global
	GlobalSection(SolutionConfigurationPlatforms) = preSolution
		Debug|Any CPU = Debug|Any CPU
		Release|Any CPU = Release|Any CPU
	EndGlobalSection
	GlobalSection(ProjectConfigurationPlatforms) = postSolution
		{6E480B6E-E967-4577-AF6B-C2EC0F5305DC}.Debug|Any CPU.ActiveCfg = Debug|Any CPU
		{6E480B6E-E967-4577-AF6B-C2EC0F5305DC}.Debug|Any CPU.Build.0 = Debug|Any CPU
		{6E480B6E-E967-4577-AF6B-C2EC0F5305DC}.Release|Any CPU.ActiveCfg = Release|Any CPU
		{6E480B6E-E967-4577-AF6B-C2EC0F5305DC}.Release|Any CPU.Build.0 = Release|Any CPU
		{0D6A947C-3B92-416B-B461-8947ACC481EB}.Debug|Any CPU.ActiveCfg = Debug|Any CPU
		{0D6A947C-3B92-416B-B461-8947ACC481EB}.Debug|Any CPU.Build.0 = Debug|Any CPU
		{0D6A947C-3B92-416B-B461-8947ACC481EB}.Release|Any CPU.ActiveCfg = Release|Any CPU
		{0D6A947C-3B92-416B-B461-8947ACC481EB}.Release|Any CPU.Build.0 = Release|Any CPU
		{3A737D4B-D6F7-48BE-A23F-EC3E914159BB}.Debug|Any CPU.ActiveCfg = Debug|Any CPU
		{3A737D4B-D6F7-48BE-A23F-EC3E914159BB}.Debug|Any CPU.Build.0 = Debug|Any CPU
		{3A737D4B-D6F7-48BE-A23F-EC3E914159BB}.Release|Any CPU.ActiveCfg = Release|Any CPU
		{3A737D4B-D6F7-48BE-A23F-EC3E914159BB}.Release|Any CPU.Build.0 = Release|Any CPU
	EndGlobalSection
	GlobalSection(SolutionProperties) = preSolution
		HideSolutionNode = FALSE
	EndGlobalSection
	GlobalSection(ExtensibilityGlobals) = postSolution
		SolutionGuid = {1E43AA1C-8720-4C99-98ED-8617603164C2}
	EndGlobalSection
EndGlobal
